lockfileVersion: '6.0'

settings:
  autoInstallPeers: true
  excludeLinksFromLockfile: false

dependencies:
  openpgp:
    specifier: ^5.11.0
    version: 5.11.0

devDependencies:
  '@openpgp/web-stream-tools':
    specifier: 0.0.11-patch-0
    version: 0.0.11-patch-0

packages:

  /@mattiasbuelens/web-streams-adapter@0.1.0:
    resolution: {integrity: sha512-oV4PyZfwJNtmFWhvlJLqYIX1Nn22ML8FZpS16ZUKv0hg7414xV1fjsGqxQzLT2dyK92TKxsJSwMOd7VNHAtPmA==}
    engines: {node: '>= 12'}
    dev: true

  /@openpgp/web-stream-tools@0.0.11-patch-0:
    resolution: {integrity: sha512-NrIF4DkCqC3WDcMDAgz17z+0Iik1fVrKuvdbjZXCnMZgYAWHpIG8CWnbp8yQRahAdF26jqCopA/qXrp8CYI2yw==}
    dependencies:
      '@mattiasbuelens/web-streams-adapter': 0.1.0
      web-streams-polyfill: 3.0.3
    dev: true

  /asn1.js@5.4.1:
    resolution: {integrity: sha512-+I//4cYPccV8LdmBLiX8CYvf9Sp3vQsrqu2QNXRcrbiWvcx/UdlFiqUJJzxRQxgsZmvhXhn4cSKeSmoFjVdupA==}
    dependencies:
      bn.js: 4.12.0
      inherits: 2.0.4
      minimalistic-assert: 1.0.1
      safer-buffer: 2.1.2
    dev: false

  /bn.js@4.12.0:
    resolution: {integrity: sha512-c98Bf3tPniI+scsdk237ku1Dc3ujXQTSgyiPUDEOe7tRkhrqridvh8klBv0HCEso1OLOYcHuCv/cS6DNxKH+ZA==}
    dev: false

  /inherits@2.0.4:
    resolution: {integrity: sha512-k/vGaX4/Yla3WzyMCvTQOXYeIHvqOKtnqBduzTHpzpQZzAskKMhZ2K+EnBiSM9zGSoIFeMpXKxa4dYeZIQqewQ==}
    dev: false

  /minimalistic-assert@1.0.1:
    resolution: {integrity: sha512-UtJcAD4yEaGtjPezWuO9wC4nwUnVH/8/Im3yEHQP4b67cXlD/Qr9hdITCU1xDbSEXg2XKNaP8jsReV7vQd00/A==}
    dev: false

  /openpgp@5.11.0:
    resolution: {integrity: sha512-hytHsxIPtRhuh6uAmoBUThHSwHSX3imLu7x4453T+xkVqIw49rl22MRD4KQIAQdCDoVdouejzYgcuLmMA/2OAA==}
    engines: {node: '>= 8.0.0'}
    dependencies:
      asn1.js: 5.4.1
    dev: false

  /safer-buffer@2.1.2:
    resolution: {integrity: sha512-YZo3K82SD7Riyi0E1EQPojLz7kpepnSQI9IyPbHHg1XXXevb5dJI7tpyN2ADxGcQbHG7vcyRHk0cbwqcQriUtg==}
    dev: false

  /web-streams-polyfill@3.0.3:
    resolution: {integrity: sha512-d2H/t0eqRNM4w2WvmTdoeIvzAUSpK7JmATB8Nr2lb7nQ9BTIJVjbQ/TRFVEh2gUH1HwclPdoPtfMoFfetXaZnA==}
    engines: {node: '>= 8'}
    dev: true
